
Microsoft Visual Studio Solution File, Format Version 12.00
# Visual Studio 15
VisualStudioVersion = 15.0.26430.15
MinimumVisualStudioVersion = 10.0.40219.1
Project("{FAE04EC0-301F-11D3-BF4B-00C04F79EFBC}") = "DataAccess", "DataAccess\DataAccess.csproj", "{9F889037-E826-419E-92DF-4845AFB1A9D9}"
EndProject
Project("{FAE04EC0-301F-11D3-BF4B-00C04F79EFBC}") = "TestConsoleApp", "TestConsoleApp\TestConsoleApp.csproj", "{5C07B170-0A92-4E9A-B3F3-039F4C96F6F2}"
EndProject
Project("{FAE04EC0-301F-11D3-BF4B-00C04F79EFBC}") = "DataGeneratorConsole", "DataGenerator\DataGeneratorConsole.csproj", "{EED90E03-5D8F-42E7-B252-42781E05C92B}"
EndProject
Project("{FAE04EC0-301F-11D3-BF4B-00C04F79EFBC}") = "AutoServiceViewer", "AutoServiceViewer\AutoServiceViewer.csproj", "{3F252B57-7F9F-4981-946F-99350CC0A9A8}"
EndProject
Project("{FAE04EC0-301F-11D3-BF4B-00C04F79EFBC}") = "MVVM", "MVVM\MVVM.csproj", "{E2A35874-0421-4E40-ADB6-96677A382EFE}"
EndProject
Project("{2150E333-8FDC-42A3-9474-1A3956D46DE8}") = "Tests", "Tests", "{E91E9D15-9091-4588-8CD4-73E1864E70B7}"
EndProject
Project("{FAE04EC0-301F-11D3-BF4B-00C04F79EFBC}") = "MVVM.Test", "MVVM.Test\MVVM.Test.csproj", "{0F3FAE63-A132-4507-AB5D-BBAF9011CC3A}"
EndProject
Project("{FAE04EC0-301F-11D3-BF4B-00C04F79EFBC}") = "AutoServiceViewer.Test", "AutoServiceViewer.Test\AutoServiceViewer.Test.csproj", "{C296B6BB-F738-4EB5-9544-D456713E2232}"
EndProject
Project("{FAE04EC0-301F-11D3-BF4B-00C04F79EFBC}") = "Data.Test", "Data.Test\Data.Test.csproj", "{84DF88C9-E8BF-481D-9E40-BFBF0A423E51}"
EndProject
Project("{FAE04EC0-301F-11D3-BF4B-00C04F79EFBC}") = "DataGeneratorLib", "DataGeneratorLib\DataGeneratorLib.csproj", "{AED59192-1E57-4963-A153-3E095555F134}"
EndProject
Global
	GlobalSection(SolutionConfigurationPlatforms) = preSolution
		Debug|Any CPU = Debug|Any CPU
		Release|Any CPU = Release|Any CPU
	EndGlobalSection
	GlobalSection(ProjectConfigurationPlatforms) = postSolution
		{9F889037-E826-419E-92DF-4845AFB1A9D9}.Debug|Any CPU.ActiveCfg = Debug|Any CPU
		{9F889037-E826-419E-92DF-4845AFB1A9D9}.Debug|Any CPU.Build.0 = Debug|Any CPU
		{9F889037-E826-419E-92DF-4845AFB1A9D9}.Release|Any CPU.ActiveCfg = Release|Any CPU
		{9F889037-E826-419E-92DF-4845AFB1A9D9}.Release|Any CPU.Build.0 = Release|Any CPU
		{5C07B170-0A92-4E9A-B3F3-039F4C96F6F2}.Debug|Any CPU.ActiveCfg = Debug|Any CPU
		{5C07B170-0A92-4E9A-B3F3-039F4C96F6F2}.Debug|Any CPU.Build.0 = Debug|Any CPU
		{5C07B170-0A92-4E9A-B3F3-039F4C96F6F2}.Release|Any CPU.ActiveCfg = Release|Any CPU
		{5C07B170-0A92-4E9A-B3F3-039F4C96F6F2}.Release|Any CPU.Build.0 = Release|Any CPU
		{EED90E03-5D8F-42E7-B252-42781E05C92B}.Debug|Any CPU.ActiveCfg = Debug|Any CPU
		{EED90E03-5D8F-42E7-B252-42781E05C92B}.Debug|Any CPU.Build.0 = Debug|Any CPU
		{EED90E03-5D8F-42E7-B252-42781E05C92B}.Release|Any CPU.ActiveCfg = Release|Any CPU
		{EED90E03-5D8F-42E7-B252-42781E05C92B}.Release|Any CPU.Build.0 = Release|Any CPU
		{3F252B57-7F9F-4981-946F-99350CC0A9A8}.Debug|Any CPU.ActiveCfg = Debug|Any CPU
		{3F252B57-7F9F-4981-946F-99350CC0A9A8}.Debug|Any CPU.Build.0 = Debug|Any CPU
		{3F252B57-7F9F-4981-946F-99350CC0A9A8}.Release|Any CPU.ActiveCfg = Release|Any CPU
		{3F252B57-7F9F-4981-946F-99350CC0A9A8}.Release|Any CPU.Build.0 = Release|Any CPU
		{E2A35874-0421-4E40-ADB6-96677A382EFE}.Debug|Any CPU.ActiveCfg = Debug|Any CPU
		{E2A35874-0421-4E40-ADB6-96677A382EFE}.Debug|Any CPU.Build.0 = Debug|Any CPU
		{E2A35874-0421-4E40-ADB6-96677A382EFE}.Release|Any CPU.ActiveCfg = Release|Any CPU
		{E2A35874-0421-4E40-ADB6-96677A382EFE}.Release|Any CPU.Build.0 = Release|Any CPU
		{0F3FAE63-A132-4507-AB5D-BBAF9011CC3A}.Debug|Any CPU.ActiveCfg = Debug|Any CPU
		{0F3FAE63-A132-4507-AB5D-BBAF9011CC3A}.Debug|Any CPU.Build.0 = Debug|Any CPU
		{0F3FAE63-A132-4507-AB5D-BBAF9011CC3A}.Release|Any CPU.ActiveCfg = Release|Any CPU
		{0F3FAE63-A132-4507-AB5D-BBAF9011CC3A}.Release|Any CPU.Build.0 = Release|Any CPU
		{C296B6BB-F738-4EB5-9544-D456713E2232}.Debug|Any CPU.ActiveCfg = Debug|Any CPU
		{C296B6BB-F738-4EB5-9544-D456713E2232}.Debug|Any CPU.Build.0 = Debug|Any CPU
		{C296B6BB-F738-4EB5-9544-D456713E2232}.Release|Any CPU.ActiveCfg = Release|Any CPU
		{C296B6BB-F738-4EB5-9544-D456713E2232}.Release|Any CPU.Build.0 = Release|Any CPU
		{84DF88C9-E8BF-481D-9E40-BFBF0A423E51}.Debug|Any CPU.ActiveCfg = Debug|Any CPU
		{84DF88C9-E8BF-481D-9E40-BFBF0A423E51}.Debug|Any CPU.Build.0 = Debug|Any CPU
		{84DF88C9-E8BF-481D-9E40-BFBF0A423E51}.Release|Any CPU.ActiveCfg = Release|Any CPU
		{84DF88C9-E8BF-481D-9E40-BFBF0A423E51}.Release|Any CPU.Build.0 = Release|Any CPU
		{AED59192-1E57-4963-A153-3E095555F134}.Debug|Any CPU.ActiveCfg = Debug|Any CPU
		{AED59192-1E57-4963-A153-3E095555F134}.Debug|Any CPU.Build.0 = Debug|Any CPU
		{AED59192-1E57-4963-A153-3E095555F134}.Release|Any CPU.ActiveCfg = Release|Any CPU
		{AED59192-1E57-4963-A153-3E095555F134}.Release|Any CPU.Build.0 = Release|Any CPU
	EndGlobalSection
	GlobalSection(SolutionProperties) = preSolution
		HideSolutionNode = FALSE
	EndGlobalSection
	GlobalSection(NestedProjects) = preSolution
		{0F3FAE63-A132-4507-AB5D-BBAF9011CC3A} = {E91E9D15-9091-4588-8CD4-73E1864E70B7}
		{C296B6BB-F738-4EB5-9544-D456713E2232} = {E91E9D15-9091-4588-8CD4-73E1864E70B7}
		{84DF88C9-E8BF-481D-9E40-BFBF0A423E51} = {E91E9D15-9091-4588-8CD4-73E1864E70B7}
	EndGlobalSection
EndGlobal
